
Microsoft Visual Studio Solution File, Format Version 12.00
# Visual Studio Version 17
VisualStudioVersion = 17.12.35506.116 d17.12
MinimumVisualStudioVersion = 10.0.40219.1
Project("{FAE04EC0-301F-11D3-BF4B-00C04F79EFBC}") = "DBMS_SQL_QueryData", "DBMS_SQL_QueryData\DBMS_SQL_QueryData.csproj", "{1306E1AE-FCBE-4A22-BE30-7A6009CB78EE}"
EndProject
Global
	GlobalSection(SolutionConfigurationPlatforms) = preSolution
		Debug|Any CPU = Debug|Any CPU
		Release|Any CPU = Release|Any CPU
	EndGlobalSection
	GlobalSection(ProjectConfigurationPlatforms) = postSolution
		{1306E1AE-FCBE-4A22-BE30-7A6009CB78EE}.Debug|Any CPU.ActiveCfg = Debug|Any CPU
		{1306E1AE-FCBE-4A22-BE30-7A6009CB78EE}.Debug|Any CPU.Build.0 = Debug|Any CPU
		{1306E1AE-FCBE-4A22-BE30-7A6009CB78EE}.Release|Any CPU.ActiveCfg = Release|Any CPU
		{1306E1AE-FCBE-4A22-BE30-7A6009CB78EE}.Release|Any CPU.Build.0 = Release|Any CPU
	EndGlobalSection
	GlobalSection(SolutionProperties) = preSolution
		HideSolutionNode = FALSE
	EndGlobalSection
EndGlobal
